
Microsoft Visual Studio Solution File, Format Version 12.00
# Visual Studio Version 17
VisualStudioVersion = 17.3.32922.545
MinimumVisualStudioVersion = 10.0.40219.1
Project("{FAE04EC0-301F-11D3-BF4B-00C04F79EFBC}") = "PraticaCalculadora", "PraticaCalculadora\PraticaCalculadora.csproj", "{48007743-E90F-48DE-A58D-19AA4C1CDB6A}"
EndProject
Global
	GlobalSection(SolutionConfigurationPlatforms) = preSolution
		Debug|Any CPU = Debug|Any CPU
		Release|Any CPU = Release|Any CPU
	EndGlobalSection
	GlobalSection(ProjectConfigurationPlatforms) = postSolution
		{48007743-E90F-48DE-A58D-19AA4C1CDB6A}.Debug|Any CPU.ActiveCfg = Debug|Any CPU
		{48007743-E90F-48DE-A58D-19AA4C1CDB6A}.Debug|Any CPU.Build.0 = Debug|Any CPU
		{48007743-E90F-48DE-A58D-19AA4C1CDB6A}.Release|Any CPU.ActiveCfg = Release|Any CPU
		{48007743-E90F-48DE-A58D-19AA4C1CDB6A}.Release|Any CPU.Build.0 = Release|Any CPU
	EndGlobalSection
	GlobalSection(SolutionProperties) = preSolution
		HideSolutionNode = FALSE
	EndGlobalSection
	GlobalSection(ExtensibilityGlobals) = postSolution
		SolutionGuid = {E00E4F6E-50A9-4AFA-9902-ED1B8D9F8DF9}
	EndGlobalSection
EndGlobal
